
Microsoft Visual Studio Solution File, Format Version 12.00
# Visual Studio Version 17
VisualStudioVersion = 17.4.33213.308
MinimumVisualStudioVersion = 10.0.40219.1
Project("{9A19103F-16F7-4668-BE54-9A1E7A4F7556}") = "PianoTeacherWebApp(Lab2)", "PianoTeacherWebApp(Lab2)\PianoTeacherWebApp(Lab2).csproj", "{0E00AE48-4DB3-46C1-8B22-C8DF2BF16860}"
EndProject
Project("{E53339B2-1760-4266-BCC7-CA923CBCF16C}") = "docker-compose", "docker-compose.dcproj", "{C729178B-F7CA-46FF-B991-F336DADE03BB}"
EndProject
Global
	GlobalSection(SolutionConfigurationPlatforms) = preSolution
		Debug|Any CPU = Debug|Any CPU
		Release|Any CPU = Release|Any CPU
	EndGlobalSection
	GlobalSection(ProjectConfigurationPlatforms) = postSolution
		{0E00AE48-4DB3-46C1-8B22-C8DF2BF16860}.Debug|Any CPU.ActiveCfg = Debug|Any CPU
		{0E00AE48-4DB3-46C1-8B22-C8DF2BF16860}.Debug|Any CPU.Build.0 = Debug|Any CPU
		{0E00AE48-4DB3-46C1-8B22-C8DF2BF16860}.Release|Any CPU.ActiveCfg = Release|Any CPU
		{0E00AE48-4DB3-46C1-8B22-C8DF2BF16860}.Release|Any CPU.Build.0 = Release|Any CPU
		{C729178B-F7CA-46FF-B991-F336DADE03BB}.Debug|Any CPU.ActiveCfg = Debug|Any CPU
		{C729178B-F7CA-46FF-B991-F336DADE03BB}.Debug|Any CPU.Build.0 = Debug|Any CPU
		{C729178B-F7CA-46FF-B991-F336DADE03BB}.Release|Any CPU.ActiveCfg = Release|Any CPU
		{C729178B-F7CA-46FF-B991-F336DADE03BB}.Release|Any CPU.Build.0 = Release|Any CPU
	EndGlobalSection
	GlobalSection(SolutionProperties) = preSolution
		HideSolutionNode = FALSE
	EndGlobalSection
	GlobalSection(ExtensibilityGlobals) = postSolution
		SolutionGuid = {4004CB2F-834A-46D8-991E-5CE202E85BFA}
	EndGlobalSection
EndGlobal
